
Microsoft Visual Studio Solution File, Format Version 12.00
# Visual Studio Version 17
VisualStudioVersion = 17.14.37411.7
MinimumVisualStudioVersion = 10.0.40219.1
Project("{8BC9CEB8-8B4A-11D0-8D11-00A0C91BC942}") = "Wifi_OTA", "Wifi_OTA.vcxproj", "{152EB4E0-7854-9D2E-6B75-C1EB57ECFCBC}"
EndProject
Global
	GlobalSection(SolutionConfigurationPlatforms) = preSolution
		Debug|ARM = Debug|ARM
		Debug|ARM64 = Debug|ARM64
		Release|ARM = Release|ARM
		Release|ARM64 = Release|ARM64
	EndGlobalSection
	GlobalSection(ProjectConfigurationPlatforms) = postSolution
		{152EB4E0-7854-9D2E-6B75-C1EB57ECFCBC}.Debug|ARM.ActiveCfg = Debug|ARM
		{152EB4E0-7854-9D2E-6B75-C1EB57ECFCBC}.Debug|ARM.Build.0 = Debug|ARM
		{152EB4E0-7854-9D2E-6B75-C1EB57ECFCBC}.Debug|ARM.Deploy.0 = Debug|ARM
		{152EB4E0-7854-9D2E-6B75-C1EB57ECFCBC}.Debug|ARM64.ActiveCfg = Debug|ARM64
		{152EB4E0-7854-9D2E-6B75-C1EB57ECFCBC}.Debug|ARM64.Build.0 = Debug|ARM64
		{152EB4E0-7854-9D2E-6B75-C1EB57ECFCBC}.Debug|ARM64.Deploy.0 = Debug|ARM64
		{152EB4E0-7854-9D2E-6B75-C1EB57ECFCBC}.Release|ARM.ActiveCfg = Release|ARM
		{152EB4E0-7854-9D2E-6B75-C1EB57ECFCBC}.Release|ARM.Build.0 = Release|ARM
		{152EB4E0-7854-9D2E-6B75-C1EB57ECFCBC}.Release|ARM.Deploy.0 = Release|ARM
		{152EB4E0-7854-9D2E-6B75-C1EB57ECFCBC}.Release|ARM64.ActiveCfg = Release|ARM64
		{152EB4E0-7854-9D2E-6B75-C1EB57ECFCBC}.Release|ARM64.Build.0 = Release|ARM64
		{152EB4E0-7854-9D2E-6B75-C1EB57ECFCBC}.Release|ARM64.Deploy.0 = Release|ARM64
	EndGlobalSection
	GlobalSection(SolutionProperties) = preSolution
		HideSolutionNode = FALSE
	EndGlobalSection
	GlobalSection(ExtensibilityGlobals) = postSolution
		SolutionGuid = {75E9B288-0AD2-4008-9863-923752E3AB19}
	EndGlobalSection
EndGlobal
